
Microsoft Visual Studio Solution File, Format Version 12.00
# Visual Studio 14
VisualStudioVersion = 14.0.25420.1
MinimumVisualStudioVersion = 10.0.40219.1
Project("{2150E333-8FDC-42A3-9474-1A3956D46DE8}") = "src", "src", "{E4159B32-38C8-4283-95E4-0F6B7A92D44B}"
EndProject
Project("{FAE04EC0-301F-11D3-BF4B-00C04F79EFBC}") = "DemoAppInsights", "src\DemoAppInsights\DemoAppInsights.csproj", "{654CDB35-7670-444A-8095-310381261464}"
EndProject
Project("{2150E333-8FDC-42A3-9474-1A3956D46DE8}") = "Solution Items", "Solution Items", "{081B4876-D4AD-441B-B1AA-03F16BD5386A}"
	ProjectSection(SolutionItems) = preProject
		analytics_queries.txt = analytics_queries.txt
	EndProjectSection
EndProject
Global
	GlobalSection(SolutionConfigurationPlatforms) = preSolution
		Debug|Any CPU = Debug|Any CPU
		Release|Any CPU = Release|Any CPU
	EndGlobalSection
	GlobalSection(ProjectConfigurationPlatforms) = postSolution
		{654CDB35-7670-444A-8095-310381261464}.Debug|Any CPU.ActiveCfg = Debug|Any CPU
		{654CDB35-7670-444A-8095-310381261464}.Debug|Any CPU.Build.0 = Debug|Any CPU
		{654CDB35-7670-444A-8095-310381261464}.Release|Any CPU.ActiveCfg = Release|Any CPU
		{654CDB35-7670-444A-8095-310381261464}.Release|Any CPU.Build.0 = Release|Any CPU
	EndGlobalSection
	GlobalSection(SolutionProperties) = preSolution
		HideSolutionNode = FALSE
	EndGlobalSection
	GlobalSection(NestedProjects) = preSolution
		{654CDB35-7670-444A-8095-310381261464} = {E4159B32-38C8-4283-95E4-0F6B7A92D44B}
	EndGlobalSection
EndGlobal
